
Microsoft Visual Studio Solution File, Format Version 12.00
# Visual Studio Version 17
VisualStudioVersion = 17.14.36310.24 d17.14
MinimumVisualStudioVersion = 10.0.40219.1
Project("{FAE04EC0-301F-11D3-BF4B-00C04F79EFBC}") = "ResumeManager", "ResumeManager.csproj", "{0766D72A-8AA2-5142-A736-FE9D5472C58F}"
EndProject
Global
	GlobalSection(SolutionConfigurationPlatforms) = preSolution
		Debug|Any CPU = Debug|Any CPU
		Release|Any CPU = Release|Any CPU
	EndGlobalSection
	GlobalSection(ProjectConfigurationPlatforms) = postSolution
		{0766D72A-8AA2-5142-A736-FE9D5472C58F}.Debug|Any CPU.ActiveCfg = Debug|Any CPU
		{0766D72A-8AA2-5142-A736-FE9D5472C58F}.Debug|Any CPU.Build.0 = Debug|Any CPU
		{0766D72A-8AA2-5142-A736-FE9D5472C58F}.Release|Any CPU.ActiveCfg = Release|Any CPU
		{0766D72A-8AA2-5142-A736-FE9D5472C58F}.Release|Any CPU.Build.0 = Release|Any CPU
	EndGlobalSection
	GlobalSection(SolutionProperties) = preSolution
		HideSolutionNode = FALSE
	EndGlobalSection
	GlobalSection(ExtensibilityGlobals) = postSolution
		SolutionGuid = {2A60E5E3-7AEB-4B8A-83C5-31048E0651C8}
	EndGlobalSection
EndGlobal
